
Microsoft Visual Studio Solution File, Format Version 12.00
# Visual Studio Version 16
VisualStudioVersion = 16.0.30320.27
MinimumVisualStudioVersion = 10.0.40219.1
Project("{FAE04EC0-301F-11D3-BF4B-00C04F79EFBC}") = "covid_dashboard", "covid_dashboard\covid_dashboard.csproj", "{ACB61D5B-E446-4B72-B13E-85F31C305875}"
EndProject
Global
	GlobalSection(SolutionConfigurationPlatforms) = preSolution
		Debug|Any CPU = Debug|Any CPU
		Release|Any CPU = Release|Any CPU
	EndGlobalSection
	GlobalSection(ProjectConfigurationPlatforms) = postSolution
		{ACB61D5B-E446-4B72-B13E-85F31C305875}.Debug|Any CPU.ActiveCfg = Debug|Any CPU
		{ACB61D5B-E446-4B72-B13E-85F31C305875}.Debug|Any CPU.Build.0 = Debug|Any CPU
		{ACB61D5B-E446-4B72-B13E-85F31C305875}.Release|Any CPU.ActiveCfg = Release|Any CPU
		{ACB61D5B-E446-4B72-B13E-85F31C305875}.Release|Any CPU.Build.0 = Release|Any CPU
	EndGlobalSection
	GlobalSection(SolutionProperties) = preSolution
		HideSolutionNode = FALSE
	EndGlobalSection
	GlobalSection(ExtensibilityGlobals) = postSolution
		SolutionGuid = {C02B3CD1-56A2-4376-88DC-C2C27C2D8582}
	EndGlobalSection
EndGlobal
